
Microsoft Visual Studio Solution File, Format Version 12.00
# Visual Studio Version 17
VisualStudioVersion = 17.10.35027.167
MinimumVisualStudioVersion = 10.0.40219.1
Project("{FAE04EC0-301F-11D3-BF4B-00C04F79EFBC}") = "ConsoleUmrechnungDatentypten", "ConsoleUmrechnungDatentypten\ConsoleUmrechnungDatentypten.csproj", "{B9BD7FC3-0D0A-4840-877B-F99D1844D495}"
EndProject
Global
	GlobalSection(SolutionConfigurationPlatforms) = preSolution
		Debug|Any CPU = Debug|Any CPU
		Release|Any CPU = Release|Any CPU
	EndGlobalSection
	GlobalSection(ProjectConfigurationPlatforms) = postSolution
		{B9BD7FC3-0D0A-4840-877B-F99D1844D495}.Debug|Any CPU.ActiveCfg = Debug|Any CPU
		{B9BD7FC3-0D0A-4840-877B-F99D1844D495}.Debug|Any CPU.Build.0 = Debug|Any CPU
		{B9BD7FC3-0D0A-4840-877B-F99D1844D495}.Release|Any CPU.ActiveCfg = Release|Any CPU
		{B9BD7FC3-0D0A-4840-877B-F99D1844D495}.Release|Any CPU.Build.0 = Release|Any CPU
	EndGlobalSection
	GlobalSection(SolutionProperties) = preSolution
		HideSolutionNode = FALSE
	EndGlobalSection
	GlobalSection(ExtensibilityGlobals) = postSolution
		SolutionGuid = {99CC44C2-052B-4C6F-9417-FDDB6BDA7153}
	EndGlobalSection
EndGlobal
